
Microsoft Visual Studio Solution File, Format Version 12.00
# Visual Studio Version 16
VisualStudioVersion = 16.0.29519.87
MinimumVisualStudioVersion = 10.0.40219.1
Project("{FAE04EC0-301F-11D3-BF4B-00C04F79EFBC}") = "WarehouseQueryTool", "WarehouseQueryTool\WarehouseQueryTool.csproj", "{E5080256-6EC4-40B7-A686-363741C1E4E8}"
EndProject
Global
	GlobalSection(SolutionConfigurationPlatforms) = preSolution
		Debug|Any CPU = Debug|Any CPU
		Debug|x64 = Debug|x64
		Release|Any CPU = Release|Any CPU
		Release|x64 = Release|x64
	EndGlobalSection
	GlobalSection(ProjectConfigurationPlatforms) = postSolution
		{E5080256-6EC4-40B7-A686-363741C1E4E8}.Debug|Any CPU.ActiveCfg = Debug|Any CPU
		{E5080256-6EC4-40B7-A686-363741C1E4E8}.Debug|Any CPU.Build.0 = Debug|Any CPU
		{E5080256-6EC4-40B7-A686-363741C1E4E8}.Debug|x64.ActiveCfg = Debug|Any CPU
		{E5080256-6EC4-40B7-A686-363741C1E4E8}.Debug|x64.Build.0 = Debug|Any CPU
		{E5080256-6EC4-40B7-A686-363741C1E4E8}.Release|Any CPU.ActiveCfg = Release|Any CPU
		{E5080256-6EC4-40B7-A686-363741C1E4E8}.Release|Any CPU.Build.0 = Release|Any CPU
		{E5080256-6EC4-40B7-A686-363741C1E4E8}.Release|x64.ActiveCfg = Release|Any CPU
		{E5080256-6EC4-40B7-A686-363741C1E4E8}.Release|x64.Build.0 = Release|Any CPU
	EndGlobalSection
	GlobalSection(SolutionProperties) = preSolution
		HideSolutionNode = FALSE
	EndGlobalSection
	GlobalSection(ExtensibilityGlobals) = postSolution
		SolutionGuid = {766468DA-BDB7-4114-9FC7-00A4252FA071}
	EndGlobalSection
EndGlobal
